
Microsoft Visual Studio Solution File, Format Version 12.00
# Visual Studio Version 17
VisualStudioVersion = 17.14.36811.4
MinimumVisualStudioVersion = 10.0.40219.1
Project("{FAE04EC0-301F-11D3-BF4B-00C04F79EFBC}") = "Ex05.UI", "Ex05.UI\Ex05.UI.csproj", "{C57B0A1A-2477-406C-9A22-D0E4558F84BE}"
EndProject
Project("{FAE04EC0-301F-11D3-BF4B-00C04F79EFBC}") = "Ex05.Logic", "Ex05.Logic\Ex05.Logic.csproj", "{75970A2F-BB3A-4A36-84D3-1F0EE731B37F}"
EndProject
Global
	GlobalSection(SolutionConfigurationPlatforms) = preSolution
		Debug|Any CPU = Debug|Any CPU
		Release|Any CPU = Release|Any CPU
	EndGlobalSection
	GlobalSection(ProjectConfigurationPlatforms) = postSolution
		{C57B0A1A-2477-406C-9A22-D0E4558F84BE}.Debug|Any CPU.ActiveCfg = Debug|Any CPU
		{C57B0A1A-2477-406C-9A22-D0E4558F84BE}.Debug|Any CPU.Build.0 = Debug|Any CPU
		{C57B0A1A-2477-406C-9A22-D0E4558F84BE}.Release|Any CPU.ActiveCfg = Release|Any CPU
		{C57B0A1A-2477-406C-9A22-D0E4558F84BE}.Release|Any CPU.Build.0 = Release|Any CPU
		{75970A2F-BB3A-4A36-84D3-1F0EE731B37F}.Debug|Any CPU.ActiveCfg = Debug|Any CPU
		{75970A2F-BB3A-4A36-84D3-1F0EE731B37F}.Debug|Any CPU.Build.0 = Debug|Any CPU
		{75970A2F-BB3A-4A36-84D3-1F0EE731B37F}.Release|Any CPU.ActiveCfg = Release|Any CPU
		{75970A2F-BB3A-4A36-84D3-1F0EE731B37F}.Release|Any CPU.Build.0 = Release|Any CPU
	EndGlobalSection
	GlobalSection(SolutionProperties) = preSolution
		HideSolutionNode = FALSE
	EndGlobalSection
	GlobalSection(ExtensibilityGlobals) = postSolution
		SolutionGuid = {15244FF0-058D-4BDA-A77D-4D97F0A8D977}
	EndGlobalSection
EndGlobal
